
Microsoft Visual Studio Solution File, Format Version 12.00
# Visual Studio 15
VisualStudioVersion = 15.0.28010.2016
MinimumVisualStudioVersion = 10.0.40219.1
Project("{FAE04EC0-301F-11D3-BF4B-00C04F79EFBC}") = "Calculator", "Calculator\Calculator.csproj", "{2298C2A1-3C2A-4512-A9BD-F3B54223476E}"
EndProject
Global
	GlobalSection(SolutionConfigurationPlatforms) = preSolution
		Debug|Any CPU = Debug|Any CPU
		Release|Any CPU = Release|Any CPU
	EndGlobalSection
	GlobalSection(ProjectConfigurationPlatforms) = postSolution
		{2298C2A1-3C2A-4512-A9BD-F3B54223476E}.Debug|Any CPU.ActiveCfg = Debug|Any CPU
		{2298C2A1-3C2A-4512-A9BD-F3B54223476E}.Debug|Any CPU.Build.0 = Debug|Any CPU
		{2298C2A1-3C2A-4512-A9BD-F3B54223476E}.Release|Any CPU.ActiveCfg = Release|Any CPU
		{2298C2A1-3C2A-4512-A9BD-F3B54223476E}.Release|Any CPU.Build.0 = Release|Any CPU
	EndGlobalSection
	GlobalSection(SolutionProperties) = preSolution
		HideSolutionNode = FALSE
	EndGlobalSection
	GlobalSection(ExtensibilityGlobals) = postSolution
		SolutionGuid = {C0499C83-CA16-475A-9FA6-7BDA6D4C63F7}
	EndGlobalSection
EndGlobal
